
Microsoft Visual Studio Solution File, Format Version 12.00
# Visual Studio Version 16
VisualStudioVersion = 16.0.30907.101
MinimumVisualStudioVersion = 10.0.40219.1
Project("{FAE04EC0-301F-11D3-BF4B-00C04F79EFBC}") = "TestsForms", "TestsForms\TestsForms.csproj", "{B55F5413-3B1E-443C-9AD7-46967E6B7D85}"
EndProject
Global
	GlobalSection(SolutionConfigurationPlatforms) = preSolution
		Debug|Any CPU = Debug|Any CPU
		Release|Any CPU = Release|Any CPU
	EndGlobalSection
	GlobalSection(ProjectConfigurationPlatforms) = postSolution
		{B55F5413-3B1E-443C-9AD7-46967E6B7D85}.Debug|Any CPU.ActiveCfg = Debug|Any CPU
		{B55F5413-3B1E-443C-9AD7-46967E6B7D85}.Debug|Any CPU.Build.0 = Debug|Any CPU
		{B55F5413-3B1E-443C-9AD7-46967E6B7D85}.Release|Any CPU.ActiveCfg = Release|Any CPU
		{B55F5413-3B1E-443C-9AD7-46967E6B7D85}.Release|Any CPU.Build.0 = Release|Any CPU
	EndGlobalSection
	GlobalSection(SolutionProperties) = preSolution
		HideSolutionNode = FALSE
	EndGlobalSection
	GlobalSection(ExtensibilityGlobals) = postSolution
		SolutionGuid = {1E783DC5-3507-4A39-969A-9E74DFA789E7}
	EndGlobalSection
EndGlobal
